
Microsoft Visual Studio Solution File, Format Version 12.00
# Visual Studio Version 17
VisualStudioVersion = 17.5.33516.290
MinimumVisualStudioVersion = 10.0.40219.1
Project("{FAE04EC0-301F-11D3-BF4B-00C04F79EFBC}") = "OdbcWinFormC#BoilerPlate", "OdbcWinFormC#BoilerPlate\OdbcWinFormC#BoilerPlate.csproj", "{02DED4BB-BCBA-46A5-AEC0-A27A0203C53D}"
EndProject
Global
	GlobalSection(SolutionConfigurationPlatforms) = preSolution
		Debug|Any CPU = Debug|Any CPU
		Release|Any CPU = Release|Any CPU
	EndGlobalSection
	GlobalSection(ProjectConfigurationPlatforms) = postSolution
		{02DED4BB-BCBA-46A5-AEC0-A27A0203C53D}.Debug|Any CPU.ActiveCfg = Debug|Any CPU
		{02DED4BB-BCBA-46A5-AEC0-A27A0203C53D}.Debug|Any CPU.Build.0 = Debug|Any CPU
		{02DED4BB-BCBA-46A5-AEC0-A27A0203C53D}.Release|Any CPU.ActiveCfg = Release|Any CPU
		{02DED4BB-BCBA-46A5-AEC0-A27A0203C53D}.Release|Any CPU.Build.0 = Release|Any CPU
	EndGlobalSection
	GlobalSection(SolutionProperties) = preSolution
		HideSolutionNode = FALSE
	EndGlobalSection
	GlobalSection(ExtensibilityGlobals) = postSolution
		SolutionGuid = {4B4F5C8A-E0F4-4B1D-ACD7-CB97ADC5A296}
	EndGlobalSection
EndGlobal
